
Microsoft Visual Studio Solution File, Format Version 12.00
# Visual Studio Version 16
VisualStudioVersion = 16.0.808.6
MinimumVisualStudioVersion = 10.0.40219.1
Project("{FAE04EC0-301F-11D3-BF4B-00C04F79EFBC}") = "CQRSPattern", "CQRSPattern.csproj", "{AA245C02-B056-482C-A636-9C049F8FB550}"
EndProject
Global
	GlobalSection(SolutionConfigurationPlatforms) = preSolution
		Debug|Any CPU = Debug|Any CPU
		Release|Any CPU = Release|Any CPU
	EndGlobalSection
	GlobalSection(ProjectConfigurationPlatforms) = postSolution
		{AA245C02-B056-482C-A636-9C049F8FB550}.Debug|Any CPU.ActiveCfg = Debug|Any CPU
		{AA245C02-B056-482C-A636-9C049F8FB550}.Debug|Any CPU.Build.0 = Debug|Any CPU
		{AA245C02-B056-482C-A636-9C049F8FB550}.Release|Any CPU.ActiveCfg = Release|Any CPU
		{AA245C02-B056-482C-A636-9C049F8FB550}.Release|Any CPU.Build.0 = Release|Any CPU
	EndGlobalSection
	GlobalSection(SolutionProperties) = preSolution
		HideSolutionNode = FALSE
	EndGlobalSection
	GlobalSection(ExtensibilityGlobals) = postSolution
		SolutionGuid = {08E9B963-067F-4D29-BCA3-5B9E5A19BD80}
	EndGlobalSection
EndGlobal
